// !$*UTF8*$!
{
	archiveVersion = 1;
	classes = {
	};
	objectVersion = 48;
	objects = {

/* Begin PBXBuildFile section */
		CEC85ADE1FBF7E9400242615 /* AppDelegate.swift in Sources */ = {isa = PBXBuildFile; fileRef = CEC85ADD1FBF7E9400242615 /* AppDelegate.swift */; };
		CEC85AE01FBF7E9400242615 /* CameraVC.swift in Sources */ = {isa = PBXBuildFile; fileRef = CEC85ADF1FBF7E9400242615 /* CameraVC.swift */; };
		CEC85AE31FBF7E9400242615 /* Main.storyboard in Resources */ = {isa = PBXBuildFile; fileRef = CEC85AE11FBF7E9400242615 /* Main.storyboard */; };
		CEC85AE51FBF7E9400242615 /* Assets.xcassets in Resources */ = {isa = PBXBuildFile; fileRef = CEC85AE41FBF7E9400242615 /* Assets.xcassets */; };
		CEC85AE81FBF7E9400242615 /* LaunchScreen.storyboard in Resources */ = {isa = PBXBuildFile; fileRef = CEC85AE61FBF7E9400242615 /* LaunchScreen.storyboard */; };
/* End PBXBuildFile section */

/* Begin PBXFileReference section */
		CEC85ADA1FBF7E9400242615 /* visionapp.app */ = {isa = PBXFileReference; explicitFileType = wrapper.application; includeInIndex = 0; path = visionapp.app; sourceTree = BUILT_PRODUCTS_DIR; };
		CEC85ADD1FBF7E9400242615 /* AppDelegate.swift */ = {isa = PBXFileReference; lastKnownFileType = sourcecode.swift; path = AppDelegate.swift; sourceTree = "<group>"; };
		CEC85ADF1FBF7E9400242615 /* CameraVC.swift */ = {isa = PBXFileReference; lastKnownFileType = sourcecode.swift; path = CameraVC.swift; sourceTree = "<group>"; };
		CEC85AE21FBF7E9400242615 /* Base */ = {isa = PBXFileReference; lastKnownFileType = file.storyboard; name = Base; path = Base.lproj/Main.storyboard; sourceTree = "<group>"; };
		CEC85AE41FBF7E9400242615 /* Assets.xcassets */ = {isa = PBXFileReference; lastKnownFileType = folder.assetcatalog; path = Assets.xcassets; sourceTree = "<group>"; };
		CEC85AE71FBF7E9400242615 /* Base */ = {isa = PBXFileReference; lastKnownFileType = file.storyboard; name = Base; path = Base.lproj/LaunchScreen.storyboard; sourceTree = "<group>"; };
		CEC85AE91FBF7E9400242615 /* Info.plist */ = {isa = PBXFileReference; lastKnownFileType = text.plist.xml; path = Info.plist; sourceTree = "<group>"; };
/* End PBXFileReference section */

/* Begin PBXFrameworksBuildPhase section */
		CEC85AD71FBF7E9400242615 /* Frameworks */ = {
			isa = PBXFrameworksBuildPhase;
			buildActionMask = 2147483647;
			files = (
			);
			runOnlyForDeploymentPostprocessing = 0;
		};
/* End PBXFrameworksBuildPhase section */

/* Begin PBXGroup section */
		CEC85AD11FBF7E9400242615 = {
			isa = PBXGroup;
			children = (
				CEC85ADC1FBF7E9400242615 /* visionapp */,
				CEC85ADB1FBF7E9400242615 /* Products */,
			);
			sourceTree = "<group>";
		};
		CEC85ADB1FBF7E9400242615 /* Products */ = {
			isa = PBXGroup;
			children = (
				CEC85ADA1FBF7E9400242615 /* visionapp.app */,
			);
			name = Products;
			sourceTree = "<group>";
		};
		CEC85ADC1FBF7E9400242615 /* visionapp */ = {
			isa = PBXGroup;
			children = (
				CEC85AF11FBF7F2E00242615 /* Resources */,
				CEC85AF01FBF7F2500242615 /* View */,
				CEC85AEF1FBF7F2400242615 /* Controller */,
				CEC85ADD1FBF7E9400242615 /* AppDelegate.swift */,
				CEC85AE11FBF7E9400242615 /* Main.storyboard */,
				CEC85AE41FBF7E9400242615 /* Assets.xcassets */,
				CEC85AE61FBF7E9400242615 /* LaunchScreen.storyboard */,
				CEC85AE91FBF7E9400242615 /* Info.plist */,
			);
			path = visionapp;
			sourceTree = "<group>";
		};
		CEC85AEF1FBF7F2400242615 /* Controller */ = {
			isa = PBXGroup;
			children = (
				CEC85ADF1FBF7E9400242615 /* CameraVC.swift */,
			);
			path = Controller;
			sourceTree = "<group>";
		};
		CEC85AF01FBF7F2500242615 /* View */ = {
			isa = PBXGroup;
			children = (
			);
			path = View;
			sourceTree = "<group>";
		};
		CEC85AF11FBF7F2E00242615 /* Resources */ = {
			isa = PBXGroup;
			children = (
			);
			path = Resources;
			sourceTree = "<group>";
		};
/* End PBXGroup section */

/* Begin PBXNativeTarget section */
		CEC85AD91FBF7E9400242615 /* visionapp */ = {
			isa = PBXNativeTarget;
			buildConfigurationList = CEC85AEC1FBF7E9400242615 /* Build configuration list for PBXNativeTarget "visionapp" */;
			buildPhases = (
				CEC85AD61FBF7E9400242615 /* Sources */,
				CEC85AD71FBF7E9400242615 /* Frameworks */,
				CEC85AD81FBF7E9400242615 /* Resources */,
			);
			buildRules = (
			);
			dependencies = (
			);
			name = visionapp;
			productName = visionapp;
			productReference = CEC85ADA1FBF7E9400242615 /* visionapp.app */;
			productType = "com.apple.product-type.application";
		};
/* End PBXNativeTarget section */

/* Begin PBXProject section */
		CEC85AD21FBF7E9400242615 /* Project object */ = {
			isa = PBXProject;
			attributes = {
				LastSwiftUpdateCheck = 0910;
				LastUpgradeCheck = 0910;
				ORGANIZATIONNAME = Andrew;
				TargetAttributes = {
					CEC85AD91FBF7E9400242615 = {
						CreatedOnToolsVersion = 9.1;
						ProvisioningStyle = Automatic;
					};
				};
			};
			buildConfigurationList = CEC85AD51FBF7E9400242615 /* Build configuration list for PBXProject "visionapp" */;
			compatibilityVersion = "Xcode 8.0";
			developmentRegion = en;
			hasScannedForEncodings = 0;
			knownRegions = (
				en,
				Base,
			);
			mainGroup = CEC85AD11FBF7E9400242615;
			productRefGroup = CEC85ADB1FBF7E9400242615 /* Products */;
			projectDirPath = "";
			projectRoot = "";
			targets = (
				CEC85AD91FBF7E9400242615 /* visionapp */,
			);
		};
/* End PBXProject section */

/* Begin PBXResourcesBuildPhase section */
		CEC85AD81FBF7E9400242615 /* Resources */ = {
			isa = PBXResourcesBuildPhase;
			buildActionMask = 2147483647;
			files = (
				CEC85AE81FBF7E9400242615 /* LaunchScreen.storyboard in Resources */,
				CEC85AE51FBF7E9400242615 /* Assets.xcassets in Resources */,
				CEC85AE31FBF7E9400242615 /* Main.storyboard in Resources */,
			);
			runOnlyForDeploymentPostprocessing = 0;
		};
/* End PBXResourcesBuildPhase section */

/* Begin PBXSourcesBuildPhase section */
		CEC85AD61FBF7E9400242615 /* Sources */ = {
			isa = PBXSourcesBuildPhase;
			buildActionMask = 2147483647;
			files = (
				CEC85AE01FBF7E9400242615 /* CameraVC.swift in Sources */,
				CEC85ADE1FBF7E9400242615 /* AppDelegate.swift in Sources */,
			);
			runOnlyForDeploymentPostprocessing = 0;
		};
/* End PBXSourcesBuildPhase section */

/* Begin PBXVariantGroup section */
		CEC85AE11FBF7E9400242615 /* Main.storyboard */ = {
			isa = PBXVariantGroup;
			children = (
				CEC85AE21FBF7E9400242615 /* Base */,
			);
			name = Main.storyboard;
			sourceTree = "<group>";
		};
		CEC85AE61FBF7E9400242615 /* LaunchScreen.storyboard */ = {
			isa = PBXVariantGroup;
			children = (
				CEC85AE71FBF7E9400242615 /* Base */,
			);
			name = LaunchScreen.storyboard;
			sourceTree = "<group>";
		};
/* End PBXVariantGroup section */

/* Begin XCBuildConfiguration section */
		CEC85AEA1FBF7E9400242615 /* Debug */ = {
			isa = XCBuildConfiguration;
			buildSettings = {
				ALWAYS_SEARCH_USER_PATHS = NO;
				CLANG_ANALYZER_NONNULL = YES;
				CLANG_ANALYZER_NUMBER_OBJECT_CONVERSION = YES_AGGRESSIVE;
				CLANG_CXX_LANGUAGE_STANDARD = "gnu++14";
				CLANG_CXX_LIBRARY = "libc++";
				CLANG_ENABLE_MODULES = YES;
				CLANG_ENABLE_OBJC_ARC = YES;
				CLANG_WARN_BLOCK_CAPTURE_AUTORELEASING = YES;
				CLANG_WARN_BOOL_CONVERSION = YES;
				CLANG_WARN_COMMA = YES;
				CLANG_WARN_CONSTANT_CONVERSION = YES;
				CLANG_WARN_DIRECT_OBJC_ISA_USAGE = YES_ERROR;
				CLANG_WARN_DOCUMENTATION_COMMENTS = YES;
				CLANG_WARN_EMPTY_BODY = YES;
				CLANG_WARN_ENUM_CONVERSION = YES;
				CLANG_WARN_INFINITE_RECURSION = YES;
				CLANG_WARN_INT_CONVERSION = YES;
				CLANG_WARN_NON_LITERAL_NULL_CONVERSION = YES;
				CLANG_WARN_OBJC_LITERAL_CONVERSION = YES;
				CLANG_WARN_OBJC_ROOT_CLASS = YES_ERROR;
				CLANG_WARN_RANGE_LOOP_ANALYSIS = YES;
				CLANG_WARN_STRICT_PROTOTYPES = YES;
				CLANG_WARN_SUSPICIOUS_MOVE = YES;
				CLANG_WARN_UNGUARDED_AVAILABILITY = YES_AGGRESSIVE;
				CLANG_WARN_UNREACHABLE_CODE = YES;
				CLANG_WARN__DUPLICATE_METHOD_MATCH = YES;
				CODE_SIGN_IDENTITY = "iPhone Developer";
				COPY_PHASE_STRIP = NO;
				DEBUG_INFORMATION_FORMAT = dwarf;
				ENABLE_STRICT_OBJC_MSGSEND = YES;
				ENABLE_TESTABILITY = YES;
				GCC_C_LANGUAGE_STANDARD = gnu11;
				GCC_DYNAMIC_NO_PIC = NO;
				GCC_NO_COMMON_BLOCKS = YES;
				GCC_OPTIMIZATION_LEVEL = 0;
				GCC_PREPROCESSOR_DEFINITIONS = (
					"DEBUG=1",
					"$(inherited)",
				);
				GCC_WARN_64_TO_32_BIT_CONVERSION = YES;
				GCC_WARN_ABOUT_RETURN_TYPE = YES_ERROR;
				GCC_WARN_UNDECLARED_SELECTOR = YES;
				GCC_WARN_UNINITIALIZED_AUTOS = YES_AGGRESSIVE;
				GCC_WARN_UNUSED_FUNCTION = YES;
				GCC_WARN_UNUSED_VARIABLE = YES;
				IPHONEOS_DEPLOYMENT_TARGET = 11.1;
				MTL_ENABLE_DEBUG_INFO = YES;
				ONLY_ACTIVE_ARCH = YES;
				SDKROOT = iphoneos;
				SWIFT_ACTIVE_COMPILATION_CONDITIONS = DEBUG;
				SWIFT_OPTIMIZATION_LEVEL = "-Onone";
			};
			name = Debug;
		};
		CEC85AEB1FBF7E9400242615 /* Release */ = {
			isa = XCBuildConfiguration;
			buildSettings = {
				ALWAYS_SEARCH_USER_PATHS = NO;
				CLANG_ANALYZER_NONNULL = YES;
				CLANG_ANALYZER_NUMBER_OBJECT_CONVERSION = YES_AGGRESSIVE;
				CLANG_CXX_LANGUAGE_STANDARD = "gnu++14";
				CLANG_CXX_LIBRARY = "libc++";
				CLANG_ENABLE_MODULES = YES;
				CLANG_ENABLE_OBJC_ARC = YES;
				CLANG_WARN_BLOCK_CAPTURE_AUTORELEASING = YES;
				CLANG_WARN_BOOL_CONVERSION = YES;
				CLANG_WARN_COMMA = YES;
				CLANG_WARN_CONSTANT_CONVERSION = YES;
				CLANG_WARN_DIRECT_OBJC_ISA_USAGE = YES_ERROR;
				CLANG_WARN_DOCUMENTATION_COMMENTS = YES;
				CLANG_WARN_EMPTY_BODY = YES;
				CLANG_WARN_ENUM_CONVERSION = YES;
				CLANG_WARN_INFINITE_RECURSION = YES;
				CLANG_WARN_INT_CONVERSION = YES;
				CLANG_WARN_NON_LITERAL_NULL_CONVERSION = YES;
				CLANG_WARN_OBJC_LITERAL_CONVERSION = YES;
				CLANG_WARN_OBJC_ROOT_CLASS = YES_ERROR;
				CLANG_WARN_RANGE_LOOP_ANALYSIS = YES;
				CLANG_WARN_STRICT_PROTOTYPES = YES;
				CLANG_WARN_SUSPICIOUS_MOVE = YES;
				CLANG_WARN_UNGUARDED_AVAILABILITY = YES_AGGRESSIVE;
				CLANG_WARN_UNREACHABLE_CODE = YES;
				CLANG_WARN__DUPLICATE_METHOD_MATCH = YES;
				CODE_SIGN_IDENTITY = "iPhone Developer";
				COPY_PHASE_STRIP = NO;
				DEBUG_INFORMATION_FORMAT = "dwarf-with-dsym";
				ENABLE_NS_ASSERTIONS = NO;
				ENABLE_STRICT_OBJC_MSGSEND = YES;
				GCC_C_LANGUAGE_STANDARD = gnu11;
				GCC_NO_COMMON_BLOCKS = YES;
				GCC_WARN_64_TO_32_BIT_CONVERSION = YES;
				GCC_WARN_ABOUT_RETURN_TYPE = YES_ERROR;
				GCC_WARN_UNDECLARED_SELECTOR = YES;
				GCC_WARN_UNINITIALIZED_AUTOS = YES_AGGRESSIVE;
				GCC_WARN_UNUSED_FUNCTION = YES;
				GCC_WARN_UNUSED_VARIABLE = YES;
				IPHONEOS_DEPLOYMENT_TARGET = 11.1;
				MTL_ENABLE_DEBUG_INFO = NO;
				SDKROOT = iphoneos;
				SWIFT_OPTIMIZATION_LEVEL = "-Owholemodule";
				VALIDATE_PRODUCT = YES;
			};
			name = Release;
		};
		CEC85AED1FBF7E9400242615 /* Debug */ = {
			isa = XCBuildConfiguration;
			buildSettings = {
				ASSETCATALOG_COMPILER_APPICON_NAME = AppIcon;
				CODE_SIGN_STYLE = Automatic;
				DEVELOPMENT_TEAM = 5JDWB348S4;
				INFOPLIST_FILE = visionapp/Info.plist;
				LD_RUNPATH_SEARCH_PATHS = "$(inherited) @executable_path/Frameworks";
				PRODUCT_BUNDLE_IDENTIFIER = com.millerapp.visionapp;
				PRODUCT_NAME = "$(TARGET_NAME)";
				SWIFT_VERSION = 4.0;
				TARGETED_DEVICE_FAMILY = "1,2";
			};
			name = Debug;
		};
		CEC85AEE1FBF7E9400242615 /* Release */ = {
			isa = XCBuildConfiguration;
			buildSettings = {
				ASSETCATALOG_COMPILER_APPICON_NAME = AppIcon;
				CODE_SIGN_STYLE = Automatic;
				DEVELOPMENT_TEAM = 5JDWB348S4;
				INFOPLIST_FILE = visionapp/Info.plist;
				LD_RUNPATH_SEARCH_PATHS = "$(inherited) @executable_path/Frameworks";
				PRODUCT_BUNDLE_IDENTIFIER = com.millerapp.visionapp;
				PRODUCT_NAME = "$(TARGET_NAME)";
				SWIFT_VERSION = 4.0;
				TARGETED_DEVICE_FAMILY = "1,2";
			};
			name = Release;
		};
/* End XCBuildConfiguration section */

/* Begin XCConfigurationList section */
		CEC85AD51FBF7E9400242615 /* Build configuration list for PBXProject "visionapp" */ = {
			isa = XCConfigurationList;
			buildConfigurations = (
				CEC85AEA1FBF7E9400242615 /* Debug */,
				CEC85AEB1FBF7E9400242615 /* Release */,
			);
			defaultConfigurationIsVisible = 0;
			defaultConfigurationName = Release;
		};
		CEC85AEC1FBF7E9400242615 /* Build configuration list for PBXNativeTarget "visionapp" */ = {
			isa = XCConfigurationList;
			buildConfigurations = (
				CEC85AED1FBF7E9400242615 /* Debug */,
				CEC85AEE1FBF7E9400242615 /* Release */,
			);
			defaultConfigurationIsVisible = 0;
			defaultConfigurationName = Release;
		};
/* End XCConfigurationList section */
	};
	rootObject = CEC85AD21FBF7E9400242615 /* Project object */;
}
